
Microsoft Visual Studio Solution File, Format Version 12.00
# Visual Studio Version 16
VisualStudioVersion = 16.0.31025.194
MinimumVisualStudioVersion = 10.0.40219.1
Project("{FAE04EC0-301F-11D3-BF4B-00C04F79EFBC}") = "GoogleCloud.Functions.PubSub", "GoogleCloud.Functions.PubSub\GoogleCloud.Functions.PubSub.csproj", "{58B7878A-29A2-4C43-B5AD-AC102AF0E7CE}"
EndProject
Project("{FAE04EC0-301F-11D3-BF4B-00C04F79EFBC}") = "GoogleCloud.Functions.PubSub.Tests", "GoogleCloud.Functions.PubSub.Tests\GoogleCloud.Functions.PubSub.Tests.csproj", "{07B91A02-6792-4CA1-88CE-906BACAE1776}"
EndProject
Global
	GlobalSection(SolutionConfigurationPlatforms) = preSolution
		Debug|Any CPU = Debug|Any CPU
		Release|Any CPU = Release|Any CPU
	EndGlobalSection
	GlobalSection(ProjectConfigurationPlatforms) = postSolution
		{58B7878A-29A2-4C43-B5AD-AC102AF0E7CE}.Debug|Any CPU.ActiveCfg = Debug|Any CPU
		{58B7878A-29A2-4C43-B5AD-AC102AF0E7CE}.Debug|Any CPU.Build.0 = Debug|Any CPU
		{58B7878A-29A2-4C43-B5AD-AC102AF0E7CE}.Release|Any CPU.ActiveCfg = Release|Any CPU
		{58B7878A-29A2-4C43-B5AD-AC102AF0E7CE}.Release|Any CPU.Build.0 = Release|Any CPU
		{07B91A02-6792-4CA1-88CE-906BACAE1776}.Debug|Any CPU.ActiveCfg = Debug|Any CPU
		{07B91A02-6792-4CA1-88CE-906BACAE1776}.Debug|Any CPU.Build.0 = Debug|Any CPU
		{07B91A02-6792-4CA1-88CE-906BACAE1776}.Release|Any CPU.ActiveCfg = Release|Any CPU
		{07B91A02-6792-4CA1-88CE-906BACAE1776}.Release|Any CPU.Build.0 = Release|Any CPU
	EndGlobalSection
	GlobalSection(SolutionProperties) = preSolution
		HideSolutionNode = FALSE
	EndGlobalSection
	GlobalSection(ExtensibilityGlobals) = postSolution
		SolutionGuid = {9E9BB150-EF21-4DC2-94D9-A4E85B2C956B}
	EndGlobalSection
EndGlobal
